{
  "lockfile_version": "1",
  "packages": {
    "bun@latest": {
      "last_modified": "2026-03-01T09:58:01Z",
      "resolved": "github:NixOS/nixpkgs/42bbf3e1e000963f4f3f37daa822c67c4d8856c4#bun",
      "source": "devbox-search",
      "version": "1.3.10",
      "systems": {
        "aarch64-darwin": {
          "outputs": [
            {
              "name": "out",
              "path": "/nix/store/421j82pv4gjmh9n2gchb4cs40hqfj20d-bun-1.3.10",
              "default": true
            }
          ],
          "store_path": "/nix/store/421j82pv4gjmh9n2gchb4cs40hqfj20d-bun-1.3.10"
        },
        "aarch64-linux": {
          "outputs": [
            {
              "name": "out",
              "path": "/nix/store/ffdcfkl3kpdwagswlwlff6qazxkj4cag-bun-1.3.10",
              "default": true
            }
          ],
          "store_path": "/nix/store/ffdcfkl3kpdwagswlwlff6qazxkj4cag-bun-1.3.10"
        },
        "x86_64-darwin": {
          "outputs": [
            {
              "name": "out",
              "path": "/nix/store/k6gj0kvvy9nrs87i646qxj9hr6fkchix-bun-1.3.10",
              "default": true
            }
          ],
          "store_path": "/nix/store/k6gj0kvvy9nrs87i646qxj9hr6fkchix-bun-1.3.10"
        },
        "x86_64-linux": {
          "outputs": [
            {
              "name": "out",
              "path": "/nix/store/ffgyf7g2n4gbhi1zgbcphssivfah1c4s-bun-1.3.10",
              "default": true
            }
          ],
          "store_path": "/nix/store/ffgyf7g2n4gbhi1zgbcphssivfah1c4s-bun-1.3.10"
        }
      }
    },
    "github:NixOS/nixpkgs/nixpkgs-unstable": {
      "last_modified": "2026-03-13T07:10:38Z",
      "resolved": "github:NixOS/nixpkgs/fef542e7a88eec2b698389e6279464fd479926b6?lastModified=1773385838&narHash=sha256-ylF2AGl08seexxlLvMqj3jd%2ByZq56W9zicwe51mp0Pw%3D"
    }
  }
}
